
Microsoft Visual Studio Solution File, Format Version 12.00
# Visual Studio Version 17
VisualStudioVersion = 17.2.32210.308
MinimumVisualStudioVersion = 10.0.40219.1
Project("{FAE04EC0-301F-11D3-BF4B-00C04F79EFBC}") = "teste2", "teste2.csproj", "{CEFC24FF-6C76-48B4-B34C-9BBD40648B89}"
EndProject
Global
	GlobalSection(SolutionConfigurationPlatforms) = preSolution
		Debug|Any CPU = Debug|Any CPU
		Release|Any CPU = Release|Any CPU
	EndGlobalSection
	GlobalSection(ProjectConfigurationPlatforms) = postSolution
		{CEFC24FF-6C76-48B4-B34C-9BBD40648B89}.Debug|Any CPU.ActiveCfg = Debug|Any CPU
		{CEFC24FF-6C76-48B4-B34C-9BBD40648B89}.Debug|Any CPU.Build.0 = Debug|Any CPU
		{CEFC24FF-6C76-48B4-B34C-9BBD40648B89}.Release|Any CPU.ActiveCfg = Release|Any CPU
		{CEFC24FF-6C76-48B4-B34C-9BBD40648B89}.Release|Any CPU.Build.0 = Release|Any CPU
	EndGlobalSection
	GlobalSection(SolutionProperties) = preSolution
		HideSolutionNode = FALSE
	EndGlobalSection
	GlobalSection(ExtensibilityGlobals) = postSolution
		SolutionGuid = {0AFFB99C-8716-41FD-B0A6-DACC5BAC78A4}
	EndGlobalSection
EndGlobal
